
Microsoft Visual Studio Solution File, Format Version 12.00
# Visual Studio Version 17
VisualStudioVersion = 17.1.32414.318
MinimumVisualStudioVersion = 10.0.40219.1
Project("{FAE04EC0-301F-11D3-BF4B-00C04F79EFBC}") = "Miscelania menu", "Miscelania menu\Miscelania menu.csproj", "{2D67D632-650D-44F8-A3EC-78FDE8D427AA}"
EndProject
Global
	GlobalSection(SolutionConfigurationPlatforms) = preSolution
		Debug|Any CPU = Debug|Any CPU
		Release|Any CPU = Release|Any CPU
	EndGlobalSection
	GlobalSection(ProjectConfigurationPlatforms) = postSolution
		{2D67D632-650D-44F8-A3EC-78FDE8D427AA}.Debug|Any CPU.ActiveCfg = Debug|Any CPU
		{2D67D632-650D-44F8-A3EC-78FDE8D427AA}.Debug|Any CPU.Build.0 = Debug|Any CPU
		{2D67D632-650D-44F8-A3EC-78FDE8D427AA}.Release|Any CPU.ActiveCfg = Release|Any CPU
		{2D67D632-650D-44F8-A3EC-78FDE8D427AA}.Release|Any CPU.Build.0 = Release|Any CPU
	EndGlobalSection
	GlobalSection(SolutionProperties) = preSolution
		HideSolutionNode = FALSE
	EndGlobalSection
	GlobalSection(ExtensibilityGlobals) = postSolution
		SolutionGuid = {45CCB610-07DD-4D57-84C7-41C6820BF135}
	EndGlobalSection
EndGlobal
